# THIS IS AN AUTOGENERATED FILE. DO NOT EDIT THIS FILE DIRECTLY.
# yarn lockfile v1


ansi-regex@^5.0.0:
  version "5.0.0"
  resolved "https://registry.npmjs.org/ansi-regex/-/ansi-regex-5.0.0.tgz"
  integrity sha512-bY6fj56OUQ0hU1KjFNDQuJFezqKdrAyFdIevADiqrWHwSlbmBNMHp5ak2f40Pm8JTFyM2mqxkG6ngkHO11f/lg==

cross-spawn@^7.0.3:
  version "7.0.3"
  resolved "https://registry.npmjs.org/cross-spawn/-/cross-spawn-7.0.3.tgz"
  integrity sha512-iRDPJKUPVEND7dHPO8rkbOnPpyDygcDFtWjpeWNCgy8WP2rXcxXL8TskReQl6OrB2G7+UJrags1q15Fudc7G6w==
  dependencies:
    path-key "^3.1.0"
    shebang-command "^2.0.0"
    which "^2.0.1"

crypto-js@^4.0.0:
  version "4.0.0"
  resolved "https://registry.yarnpkg.com/crypto-js/-/crypto-js-4.0.0.tgz#2904ab2677a9d042856a2ea2ef80de92e4a36dcc"
  integrity sha512-bzHZN8Pn+gS7DQA6n+iUmBfl0hO5DJq++QP3U6uTucDtk/0iGpXd/Gg7CGR0p8tJhofJyaKoWBuJI4eAO00BBg==

duplexer@~0.1.1:
  version "0.1.2"
  resolved "https://registry.npmjs.org/duplexer/-/duplexer-0.1.2.tgz"
  integrity sha512-jtD6YG370ZCIi/9GTaJKQxWTZD045+4R4hTk/x1UyoqadyJ9x9CgSi1RlVDQF8U2sxLLSnFkCaMihqljHIWgMg==

event-stream@=3.3.4:
  version "3.3.4"
  resolved "https://registry.npmjs.org/event-stream/-/event-stream-3.3.4.tgz"
  integrity sha1-SrTJoPWlTbkzi0w02Gv86PSzVXE=
  dependencies:
    duplexer "~0.1.1"
    from "~0"
    map-stream "~0.1.0"
    pause-stream "0.0.11"
    split "0.3"
    stream-combiner "~0.0.4"
    through "~2.3.1"

from@~0:
  version "0.1.7"
  resolved "https://registry.npmjs.org/from/-/from-0.1.7.tgz"
  integrity sha1-g8YK/Fi5xWmXAH7Rp2izqzA6RP4=

isexe@^2.0.0:
  version "2.0.0"
  resolved "https://registry.npmjs.org/isexe/-/isexe-2.0.0.tgz"
  integrity sha1-6PvzdNxVb/iUehDcsFctYz8s+hA=

map-stream@~0.1.0:
  version "0.1.0"
  resolved "https://registry.npmjs.org/map-stream/-/map-stream-0.1.0.tgz"
  integrity sha1-5WqpTEyAVaFkBKBnS3jyFffI4ZQ=

node-cleanup@^2.1.2:
  version "2.1.2"
  resolved "https://registry.npmjs.org/node-cleanup/-/node-cleanup-2.1.2.tgz"
  integrity sha1-esGavSl+Caf3KnFUXZUbUX5N3iw=

path-key@^3.1.0:
  version "3.1.1"
  resolved "https://registry.npmjs.org/path-key/-/path-key-3.1.1.tgz"
  integrity sha512-ojmeN0qd+y0jszEtoY48r0Peq5dwMEkIlCOu6Q5f41lfkswXuKtYrhgoTpLnyIcHm24Uhqx+5Tqm2InSwLhE6Q==

pause-stream@0.0.11:
  version "0.0.11"
  resolved "https://registry.npmjs.org/pause-stream/-/pause-stream-0.0.11.tgz"
  integrity sha1-/lo0sMvOErWqaitAPuLnO2AvFEU=
  dependencies:
    through "~2.3"

ps-tree@^1.2.0:
  version "1.2.0"
  resolved "https://registry.npmjs.org/ps-tree/-/ps-tree-1.2.0.tgz"
  integrity sha512-0VnamPPYHl4uaU/nSFeZZpR21QAWRz+sRv4iW9+v/GS/J5U5iZB5BNN6J0RMoOvdx2gWM2+ZFMIm58q24e4UYA==
  dependencies:
    event-stream "=3.3.4"

shebang-command@^2.0.0:
  version "2.0.0"
  resolved "https://registry.npmjs.org/shebang-command/-/shebang-command-2.0.0.tgz"
  integrity sha512-kHxr2zZpYtdmrN1qDjrrX/Z1rR1kG8Dx+gkpK1G4eXmvXswmcE1hTWBWYUzlraYw1/yZp6YuDY77YtvbN0dmDA==
  dependencies:
    shebang-regex "^3.0.0"

shebang-regex@^3.0.0:
  version "3.0.0"
  resolved "https://registry.npmjs.org/shebang-regex/-/shebang-regex-3.0.0.tgz"
  integrity sha512-7++dFhtcx3353uBaq8DDR4NuxBetBzC7ZQOhmTQInHEd6bSrXdiEyzCvG07Z44UYdLShWUyXt5M/yhz8ekcb1A==

split@0.3:
  version "0.3.3"
  resolved "https://registry.npmjs.org/split/-/split-0.3.3.tgz"
  integrity sha1-zQ7qXmOiEd//frDwkcQTPi0N0o8=
  dependencies:
    through "2"

stream-combiner@~0.0.4:
  version "0.0.4"
  resolved "https://registry.npmjs.org/stream-combiner/-/stream-combiner-0.0.4.tgz"
  integrity sha1-TV5DPBhSYd3mI8o/RMWGvPXErRQ=
  dependencies:
    duplexer "~0.1.1"

string-argv@^0.1.1:
  version "0.1.2"
  resolved "https://registry.npmjs.org/string-argv/-/string-argv-0.1.2.tgz"
  integrity sha512-mBqPGEOMNJKXRo7z0keX0wlAhbBAjilUdPW13nN0PecVryZxdHIeM7TqbsSUA7VYuS00HGC6mojP7DlQzfa9ZA==

strip-ansi@^6.0.0:
  version "6.0.0"
  resolved "https://registry.npmjs.org/strip-ansi/-/strip-ansi-6.0.0.tgz"
  integrity sha512-AuvKTrTfQNYNIctbR1K/YGTR1756GycPsg7b9bdV9Duqur4gv6aKqHXah67Z8ImS7WEz5QVcOtlfW2rZEugt6w==
  dependencies:
    ansi-regex "^5.0.0"

through@2, through@~2.3, through@~2.3.1:
  version "2.3.8"
  resolved "https://registry.npmjs.org/through/-/through-2.3.8.tgz"
  integrity sha1-DdTJ/6q8NXlgsbckEV1+Doai4fU=

tsc-watch@^4.2.9:
  version "4.2.9"
  resolved "https://registry.npmjs.org/tsc-watch/-/tsc-watch-4.2.9.tgz"
  integrity sha512-DlTaoDs74+KUpyWr7dCGhuscAUKCz6CiFduBN7R9RbLJSSN1moWdwoCLASE7+zLgGvV5AwXfYDiEMAsPGaO+Vw==
  dependencies:
    cross-spawn "^7.0.3"
    node-cleanup "^2.1.2"
    ps-tree "^1.2.0"
    string-argv "^0.1.1"
    strip-ansi "^6.0.0"

typescript@^4.1.5:
  version "4.1.5"
  resolved "https://registry.npmjs.org/typescript/-/typescript-4.1.5.tgz"
  integrity sha512-6OSu9PTIzmn9TCDiovULTnET6BgXtDYL4Gg4szY+cGsc3JP1dQL8qvE8kShTRx1NIw4Q9IBHlwODjkjWEtMUyA==

which@^2.0.1:
  version "2.0.2"
  resolved "https://registry.npmjs.org/which/-/which-2.0.2.tgz"
  integrity sha512-BLI3Tl1TW3Pvl70l3yq3Y64i+awpwXqsGBYWkkqMtnbXgrMD+yj7rhW0kuEDxzJaYXGjEW5ogapKNMEKNMjibA==
  dependencies:
    isexe "^2.0.0"
